
Microsoft Visual Studio Solution File, Format Version 12.00
# Visual Studio Express 2012 for Windows Desktop
Project("{FAE04EC0-301F-11D3-BF4B-00C04F79EFBC}") = "WpfApplication1", "WpfApplication1\WpfApplication1.csproj", "{5887F388-9A46-4047-8389-869821D035C2}"
EndProject
Global
	GlobalSection(SolutionConfigurationPlatforms) = preSolution
		Debug|Any CPU = Debug|Any CPU
		Release|Any CPU = Release|Any CPU
	EndGlobalSection
	GlobalSection(ProjectConfigurationPlatforms) = postSolution
		{5887F388-9A46-4047-8389-869821D035C2}.Debug|Any CPU.ActiveCfg = Debug|Any CPU
		{5887F388-9A46-4047-8389-869821D035C2}.Debug|Any CPU.Build.0 = Debug|Any CPU
		{5887F388-9A46-4047-8389-869821D035C2}.Release|Any CPU.ActiveCfg = Release|Any CPU
		{5887F388-9A46-4047-8389-869821D035C2}.Release|Any CPU.Build.0 = Release|Any CPU
	EndGlobalSection
	GlobalSection(SolutionProperties) = preSolution
		HideSolutionNode = FALSE
	EndGlobalSection
EndGlobal
